// !$*UTF8*$!
{
	archiveVersion = 1;
	classes = {
	};
	objectVersion = 52;
	objects = {

/* Begin PBXBuildFile section */
		3505A30D267F306000996348 /* SearchAlbumViewController.swift in Sources */ = {isa = PBXBuildFile; fileRef = 3505A30C267F306000996348 /* SearchAlbumViewController.swift */; };
		3505A30F267F310500996348 /* SearchAlbumTableViewManager.swift in Sources */ = {isa = PBXBuildFile; fileRef = 3505A30E267F310500996348 /* SearchAlbumTableViewManager.swift */; };
		3505A311267F311600996348 /* SearchAlbumViewModel.swift in Sources */ = {isa = PBXBuildFile; fileRef = 3505A310267F311600996348 /* SearchAlbumViewModel.swift */; };
		3505A314267F3F0900996348 /* UserInfoTableViewCell.swift in Sources */ = {isa = PBXBuildFile; fileRef = 3505A313267F3F0900996348 /* UserInfoTableViewCell.swift */; };
		3505A316267F3F1B00996348 /* AlbumTableViewCell.swift in Sources */ = {isa = PBXBuildFile; fileRef = 3505A315267F3F1B00996348 /* AlbumTableViewCell.swift */; };
		3505A318267F49E300996348 /* ConfigurableCell.swift in Sources */ = {isa = PBXBuildFile; fileRef = 3505A317267F49E300996348 /* ConfigurableCell.swift */; };
		3505A31D267F5F6000996348 /* SearchResults.swift in Sources */ = {isa = PBXBuildFile; fileRef = 3505A31C267F5F6000996348 /* SearchResults.swift */; };
		3505A31F267F733D00996348 /* SearchRepository.swift in Sources */ = {isa = PBXBuildFile; fileRef = 3505A31E267F733D00996348 /* SearchRepository.swift */; };
		3505A321267FC34C00996348 /* UIImageViewExtension.swift in Sources */ = {isa = PBXBuildFile; fileRef = 3505A320267FC34C00996348 /* UIImageViewExtension.swift */; };
		35C544E6267D13D30068AFA4 /* Assets.xcassets in Resources */ = {isa = PBXBuildFile; fileRef = 35C544E5267D13D30068AFA4 /* Assets.xcassets */; };
		35C544E9267D13D30068AFA4 /* LaunchScreen.storyboard in Resources */ = {isa = PBXBuildFile; fileRef = 35C544E7267D13D30068AFA4 /* LaunchScreen.storyboard */; };
		35C544FA267D15240068AFA4 /* Config.swift in Sources */ = {isa = PBXBuildFile; fileRef = 35C544F2267D15240068AFA4 /* Config.swift */; };
		35C544FB267D15240068AFA4 /* AppDelegate.swift in Sources */ = {isa = PBXBuildFile; fileRef = 35C544F3267D15240068AFA4 /* AppDelegate.swift */; };
		35C544FC267D15240068AFA4 /* SceneDelegate.swift in Sources */ = {isa = PBXBuildFile; fileRef = 35C544F4267D15240068AFA4 /* SceneDelegate.swift */; };
		35C544FD267D15240068AFA4 /* Design.swift in Sources */ = {isa = PBXBuildFile; fileRef = 35C544F5267D15240068AFA4 /* Design.swift */; };
		35C544FE267D15240068AFA4 /* ViewsCoordinator.swift in Sources */ = {isa = PBXBuildFile; fileRef = 35C544F7267D15240068AFA4 /* ViewsCoordinator.swift */; };
		35C544FF267D15240068AFA4 /* SignUpViewController.swift in Sources */ = {isa = PBXBuildFile; fileRef = 35C544F8267D15240068AFA4 /* SignUpViewController.swift */; };
		35C54503267D15ED0068AFA4 /* SnapKit in Frameworks */ = {isa = PBXBuildFile; productRef = 35C54502267D15ED0068AFA4 /* SnapKit */; };
		35C54506267D15FF0068AFA4 /* Alamofire in Frameworks */ = {isa = PBXBuildFile; productRef = 35C54505267D15FF0068AFA4 /* Alamofire */; };
		35C54508267D1F550068AFA4 /* DateCounter.swift in Sources */ = {isa = PBXBuildFile; fileRef = 35C54507267D1F550068AFA4 /* DateCounter.swift */; };
		35C5450B267D26190068AFA4 /* UITextFieldExtension.swift in Sources */ = {isa = PBXBuildFile; fileRef = 35C5450A267D26190068AFA4 /* UITextFieldExtension.swift */; };
		35C5450D267D39F20068AFA4 /* ElementsDesigner.swift in Sources */ = {isa = PBXBuildFile; fileRef = 35C5450C267D39F20068AFA4 /* ElementsDesigner.swift */; };
		35C54510267DE40E0068AFA4 /* UITextFieldPadding.swift in Sources */ = {isa = PBXBuildFile; fileRef = 35C5450F267DE40E0068AFA4 /* UITextFieldPadding.swift */; };
		35C54512267DEE4D0068AFA4 /* LoadingIndicatorView.swift in Sources */ = {isa = PBXBuildFile; fileRef = 35C54511267DEE4D0068AFA4 /* LoadingIndicatorView.swift */; };
		35C54514267DF1FD0068AFA4 /* PhoneNumberFormatter.swift in Sources */ = {isa = PBXBuildFile; fileRef = 35C54513267DF1FD0068AFA4 /* PhoneNumberFormatter.swift */; };
		35C54517267E0A000068AFA4 /* FormValidator.swift in Sources */ = {isa = PBXBuildFile; fileRef = 35C54516267E0A000068AFA4 /* FormValidator.swift */; };
		35C54519267E103D0068AFA4 /* ArrayExtension.swift in Sources */ = {isa = PBXBuildFile; fileRef = 35C54518267E103D0068AFA4 /* ArrayExtension.swift */; };
		35C5451B267E44570068AFA4 /* SignInViewController.swift in Sources */ = {isa = PBXBuildFile; fileRef = 35C5451A267E44570068AFA4 /* SignInViewController.swift */; };
		35C5451F267E73CB0068AFA4 /* User.swift in Sources */ = {isa = PBXBuildFile; fileRef = 35C5451E267E73CB0068AFA4 /* User.swift */; };
		35C54522267E74330068AFA4 /* Repository.swift in Sources */ = {isa = PBXBuildFile; fileRef = 35C54521267E74330068AFA4 /* Repository.swift */; };
		35C54525267E74820068AFA4 /* URLRequestBuilder.swift in Sources */ = {isa = PBXBuildFile; fileRef = 35C54524267E74820068AFA4 /* URLRequestBuilder.swift */; };
		35C54527267E74880068AFA4 /* NetworkService.swift in Sources */ = {isa = PBXBuildFile; fileRef = 35C54526267E74880068AFA4 /* NetworkService.swift */; };
		35C54529267E76B40068AFA4 /* UserRepository.swift in Sources */ = {isa = PBXBuildFile; fileRef = 35C54528267E76B40068AFA4 /* UserRepository.swift */; };
		35C5452C267E78540068AFA4 /* Realm in Frameworks */ = {isa = PBXBuildFile; productRef = 35C5452B267E78540068AFA4 /* Realm */; };
		35C5452E267E78540068AFA4 /* RealmSwift in Frameworks */ = {isa = PBXBuildFile; productRef = 35C5452D267E78540068AFA4 /* RealmSwift */; };
/* End PBXBuildFile section */

/* Begin PBXFileReference section */
		3505A30C267F306000996348 /* SearchAlbumViewController.swift */ = {isa = PBXFileReference; lastKnownFileType = sourcecode.swift; path = SearchAlbumViewController.swift; sourceTree = "<group>"; };
		3505A30E267F310500996348 /* SearchAlbumTableViewManager.swift */ = {isa = PBXFileReference; lastKnownFileType = sourcecode.swift; path = SearchAlbumTableViewManager.swift; sourceTree = "<group>"; };
		3505A310267F311600996348 /* SearchAlbumViewModel.swift */ = {isa = PBXFileReference; lastKnownFileType = sourcecode.swift; path = SearchAlbumViewModel.swift; sourceTree = "<group>"; };
		3505A313267F3F0900996348 /* UserInfoTableViewCell.swift */ = {isa = PBXFileReference; lastKnownFileType = sourcecode.swift; path = UserInfoTableViewCell.swift; sourceTree = "<group>"; };
		3505A315267F3F1B00996348 /* AlbumTableViewCell.swift */ = {isa = PBXFileReference; lastKnownFileType = sourcecode.swift; path = AlbumTableViewCell.swift; sourceTree = "<group>"; };
		3505A317267F49E300996348 /* ConfigurableCell.swift */ = {isa = PBXFileReference; lastKnownFileType = sourcecode.swift; path = ConfigurableCell.swift; sourceTree = "<group>"; };
		3505A31C267F5F6000996348 /* SearchResults.swift */ = {isa = PBXFileReference; lastKnownFileType = sourcecode.swift; path = SearchResults.swift; sourceTree = "<group>"; };
		3505A31E267F733D00996348 /* SearchRepository.swift */ = {isa = PBXFileReference; lastKnownFileType = sourcecode.swift; path = SearchRepository.swift; sourceTree = "<group>"; };
		3505A320267FC34C00996348 /* UIImageViewExtension.swift */ = {isa = PBXFileReference; lastKnownFileType = sourcecode.swift; path = UIImageViewExtension.swift; sourceTree = "<group>"; };
		35C544D9267D13D10068AFA4 /* OmegaTest.app */ = {isa = PBXFileReference; explicitFileType = wrapper.application; includeInIndex = 0; path = OmegaTest.app; sourceTree = BUILT_PRODUCTS_DIR; };
		35C544E5267D13D30068AFA4 /* Assets.xcassets */ = {isa = PBXFileReference; lastKnownFileType = folder.assetcatalog; path = Assets.xcassets; sourceTree = "<group>"; };
		35C544E8267D13D30068AFA4 /* Base */ = {isa = PBXFileReference; lastKnownFileType = file.storyboard; name = Base; path = Base.lproj/LaunchScreen.storyboard; sourceTree = "<group>"; };
		35C544EA267D13D30068AFA4 /* Info.plist */ = {isa = PBXFileReference; lastKnownFileType = text.plist.xml; path = Info.plist; sourceTree = "<group>"; };
		35C544F2267D15240068AFA4 /* Config.swift */ = {isa = PBXFileReference; fileEncoding = 4; lastKnownFileType = sourcecode.swift; path = Config.swift; sourceTree = "<group>"; };
		35C544F3267D15240068AFA4 /* AppDelegate.swift */ = {isa = PBXFileReference; fileEncoding = 4; lastKnownFileType = sourcecode.swift; path = AppDelegate.swift; sourceTree = "<group>"; };
		35C544F4267D15240068AFA4 /* SceneDelegate.swift */ = {isa = PBXFileReference; fileEncoding = 4; lastKnownFileType = sourcecode.swift; path = SceneDelegate.swift; sourceTree = "<group>"; };
		35C544F5267D15240068AFA4 /* Design.swift */ = {isa = PBXFileReference; fileEncoding = 4; lastKnownFileType = sourcecode.swift; path = Design.swift; sourceTree = "<group>"; };
		35C544F7267D15240068AFA4 /* ViewsCoordinator.swift */ = {isa = PBXFileReference; fileEncoding = 4; lastKnownFileType = sourcecode.swift; path = ViewsCoordinator.swift; sourceTree = "<group>"; };
		35C544F8267D15240068AFA4 /* SignUpViewController.swift */ = {isa = PBXFileReference; fileEncoding = 4; lastKnownFileType = sourcecode.swift; path = SignUpViewController.swift; sourceTree = "<group>"; };
		35C54507267D1F550068AFA4 /* DateCounter.swift */ = {isa = PBXFileReference; lastKnownFileType = sourcecode.swift; path = DateCounter.swift; sourceTree = "<group>"; };
		35C5450A267D26190068AFA4 /* UITextFieldExtension.swift */ = {isa = PBXFileReference; lastKnownFileType = sourcecode.swift; path = UITextFieldExtension.swift; sourceTree = "<group>"; };
		35C5450C267D39F20068AFA4 /* ElementsDesigner.swift */ = {isa = PBXFileReference; lastKnownFileType = sourcecode.swift; path = ElementsDesigner.swift; sourceTree = "<group>"; };
		35C5450F267DE40E0068AFA4 /* UITextFieldPadding.swift */ = {isa = PBXFileReference; fileEncoding = 4; lastKnownFileType = sourcecode.swift; path = UITextFieldPadding.swift; sourceTree = "<group>"; };
		35C54511267DEE4D0068AFA4 /* LoadingIndicatorView.swift */ = {isa = PBXFileReference; fileEncoding = 4; lastKnownFileType = sourcecode.swift; path = LoadingIndicatorView.swift; sourceTree = "<group>"; };
		35C54513267DF1FD0068AFA4 /* PhoneNumberFormatter.swift */ = {isa = PBXFileReference; lastKnownFileType = sourcecode.swift; path = PhoneNumberFormatter.swift; sourceTree = "<group>"; };
		35C54516267E0A000068AFA4 /* FormValidator.swift */ = {isa = PBXFileReference; lastKnownFileType = sourcecode.swift; path = FormValidator.swift; sourceTree = "<group>"; };
		35C54518267E103D0068AFA4 /* ArrayExtension.swift */ = {isa = PBXFileReference; lastKnownFileType = sourcecode.swift; path = ArrayExtension.swift; sourceTree = "<group>"; };
		35C5451A267E44570068AFA4 /* SignInViewController.swift */ = {isa = PBXFileReference; lastKnownFileType = sourcecode.swift; path = SignInViewController.swift; sourceTree = "<group>"; };
		35C5451E267E73CB0068AFA4 /* User.swift */ = {isa = PBXFileReference; lastKnownFileType = sourcecode.swift; path = User.swift; sourceTree = "<group>"; };
		35C54521267E74330068AFA4 /* Repository.swift */ = {isa = PBXFileReference; lastKnownFileType = sourcecode.swift; path = Repository.swift; sourceTree = "<group>"; };
		35C54524267E74820068AFA4 /* URLRequestBuilder.swift */ = {isa = PBXFileReference; fileEncoding = 4; lastKnownFileType = sourcecode.swift; path = URLRequestBuilder.swift; sourceTree = "<group>"; };
		35C54526267E74880068AFA4 /* NetworkService.swift */ = {isa = PBXFileReference; fileEncoding = 4; lastKnownFileType = sourcecode.swift; path = NetworkService.swift; sourceTree = "<group>"; };
		35C54528267E76B40068AFA4 /* UserRepository.swift */ = {isa = PBXFileReference; lastKnownFileType = sourcecode.swift; path = UserRepository.swift; sourceTree = "<group>"; };
/* End PBXFileReference section */

/* Begin PBXFrameworksBuildPhase section */
		35C544D6267D13D10068AFA4 /* Frameworks */ = {
			isa = PBXFrameworksBuildPhase;
			buildActionMask = 2147483647;
			files = (
				35C5452E267E78540068AFA4 /* RealmSwift in Frameworks */,
				35C5452C267E78540068AFA4 /* Realm in Frameworks */,
				35C54503267D15ED0068AFA4 /* SnapKit in Frameworks */,
				35C54506267D15FF0068AFA4 /* Alamofire in Frameworks */,
			);
			runOnlyForDeploymentPostprocessing = 0;
		};
/* End PBXFrameworksBuildPhase section */

/* Begin PBXGroup section */
		3505A30B267F301500996348 /* Search Album */ = {
			isa = PBXGroup;
			children = (
				3505A312267F3BE500996348 /* Cells */,
				3505A30C267F306000996348 /* SearchAlbumViewController.swift */,
				3505A30E267F310500996348 /* SearchAlbumTableViewManager.swift */,
				3505A310267F311600996348 /* SearchAlbumViewModel.swift */,
			);
			path = "Search Album";
			sourceTree = "<group>";
		};
		3505A312267F3BE500996348 /* Cells */ = {
			isa = PBXGroup;
			children = (
				3505A313267F3F0900996348 /* UserInfoTableViewCell.swift */,
				3505A315267F3F1B00996348 /* AlbumTableViewCell.swift */,
			);
			path = Cells;
			sourceTree = "<group>";
		};
		3505A31B267F5F2600996348 /* Search */ = {
			isa = PBXGroup;
			children = (
				3505A31C267F5F6000996348 /* SearchResults.swift */,
				3505A31E267F733D00996348 /* SearchRepository.swift */,
			);
			path = Search;
			sourceTree = "<group>";
		};
		35C544D0267D13D10068AFA4 = {
			isa = PBXGroup;
			children = (
				35C544DB267D13D10068AFA4 /* OmegaTest */,
				35C544DA267D13D10068AFA4 /* Products */,
			);
			sourceTree = "<group>";
		};
		35C544DA267D13D10068AFA4 /* Products */ = {
			isa = PBXGroup;
			children = (
				35C544D9267D13D10068AFA4 /* OmegaTest.app */,
			);
			name = Products;
			sourceTree = "<group>";
		};
		35C544DB267D13D10068AFA4 /* OmegaTest */ = {
			isa = PBXGroup;
			children = (
				35C54509267D25FB0068AFA4 /* Extensions */,
				35C544F1267D15240068AFA4 /* App */,
				35C544F0267D15240068AFA4 /* Models */,
				35C544F9267D15240068AFA4 /* Services */,
				35C544F6267D15240068AFA4 /* Views */,
				35C54500267D15430068AFA4 /* Supporting Files */,
			);
			path = OmegaTest;
			sourceTree = "<group>";
		};
		35C544F0267D15240068AFA4 /* Models */ = {
			isa = PBXGroup;
			children = (
				3505A31B267F5F2600996348 /* Search */,
				35C5451C267E73750068AFA4 /* User */,
				35C54521267E74330068AFA4 /* Repository.swift */,
			);
			path = Models;
			sourceTree = "<group>";
		};
		35C544F1267D15240068AFA4 /* App */ = {
			isa = PBXGroup;
			children = (
				35C544F2267D15240068AFA4 /* Config.swift */,
				35C544F3267D15240068AFA4 /* AppDelegate.swift */,
				35C544F4267D15240068AFA4 /* SceneDelegate.swift */,
				35C544F5267D15240068AFA4 /* Design.swift */,
			);
			path = App;
			sourceTree = "<group>";
		};
		35C544F6267D15240068AFA4 /* Views */ = {
			isa = PBXGroup;
			children = (
				35C544F7267D15240068AFA4 /* ViewsCoordinator.swift */,
				35C5451A267E44570068AFA4 /* SignInViewController.swift */,
				35C544F8267D15240068AFA4 /* SignUpViewController.swift */,
				3505A30B267F301500996348 /* Search Album */,
				35C5450E267DE3F80068AFA4 /* Other Elements */,
			);
			path = Views;
			sourceTree = "<group>";
		};
		35C544F9267D15240068AFA4 /* Services */ = {
			isa = PBXGroup;
			children = (
				35C54523267E74710068AFA4 /* Networking */,
				35C54507267D1F550068AFA4 /* DateCounter.swift */,
				35C54513267DF1FD0068AFA4 /* PhoneNumberFormatter.swift */,
				35C54516267E0A000068AFA4 /* FormValidator.swift */,
			);
			path = Services;
			sourceTree = "<group>";
		};
		35C54500267D15430068AFA4 /* Supporting Files */ = {
			isa = PBXGroup;
			children = (
				35C544E7267D13D30068AFA4 /* LaunchScreen.storyboard */,
				35C544EA267D13D30068AFA4 /* Info.plist */,
				35C544E5267D13D30068AFA4 /* Assets.xcassets */,
			);
			path = "Supporting Files";
			sourceTree = "<group>";
		};
		35C54509267D25FB0068AFA4 /* Extensions */ = {
			isa = PBXGroup;
			children = (
				35C5450A267D26190068AFA4 /* UITextFieldExtension.swift */,
				35C54518267E103D0068AFA4 /* ArrayExtension.swift */,
				3505A320267FC34C00996348 /* UIImageViewExtension.swift */,
			);
			path = Extensions;
			sourceTree = "<group>";
		};
		35C5450E267DE3F80068AFA4 /* Other Elements */ = {
			isa = PBXGroup;
			children = (
				35C54511267DEE4D0068AFA4 /* LoadingIndicatorView.swift */,
				35C5450F267DE40E0068AFA4 /* UITextFieldPadding.swift */,
				35C5450C267D39F20068AFA4 /* ElementsDesigner.swift */,
				3505A317267F49E300996348 /* ConfigurableCell.swift */,
			);
			path = "Other Elements";
			sourceTree = "<group>";
		};
		35C5451C267E73750068AFA4 /* User */ = {
			isa = PBXGroup;
			children = (
				35C5451E267E73CB0068AFA4 /* User.swift */,
				35C54528267E76B40068AFA4 /* UserRepository.swift */,
			);
			path = User;
			sourceTree = "<group>";
		};
		35C54523267E74710068AFA4 /* Networking */ = {
			isa = PBXGroup;
			children = (
				35C54524267E74820068AFA4 /* URLRequestBuilder.swift */,
				35C54526267E74880068AFA4 /* NetworkService.swift */,
			);
			path = Networking;
			sourceTree = "<group>";
		};
/* End PBXGroup section */

/* Begin PBXNativeTarget section */
		35C544D8267D13D10068AFA4 /* OmegaTest */ = {
			isa = PBXNativeTarget;
			buildConfigurationList = 35C544ED267D13D30068AFA4 /* Build configuration list for PBXNativeTarget "OmegaTest" */;
			buildPhases = (
				35C544D5267D13D10068AFA4 /* Sources */,
				35C544D6267D13D10068AFA4 /* Frameworks */,
				35C544D7267D13D10068AFA4 /* Resources */,
			);
			buildRules = (
			);
			dependencies = (
			);
			name = OmegaTest;
			packageProductDependencies = (
				35C54502267D15ED0068AFA4 /* SnapKit */,
				35C54505267D15FF0068AFA4 /* Alamofire */,
				35C5452B267E78540068AFA4 /* Realm */,
				35C5452D267E78540068AFA4 /* RealmSwift */,
			);
			productName = OmegaTest;
			productReference = 35C544D9267D13D10068AFA4 /* OmegaTest.app */;
			productType = "com.apple.product-type.application";
		};
/* End PBXNativeTarget section */

/* Begin PBXProject section */
		35C544D1267D13D10068AFA4 /* Project object */ = {
			isa = PBXProject;
			attributes = {
				LastSwiftUpdateCheck = 1250;
				LastUpgradeCheck = 1250;
				TargetAttributes = {
					35C544D8267D13D10068AFA4 = {
						CreatedOnToolsVersion = 12.5;
					};
				};
			};
			buildConfigurationList = 35C544D4267D13D10068AFA4 /* Build configuration list for PBXProject "OmegaTest" */;
			compatibilityVersion = "Xcode 9.3";
			developmentRegion = en;
			hasScannedForEncodings = 0;
			knownRegions = (
				en,
				Base,
			);
			mainGroup = 35C544D0267D13D10068AFA4;
			packageReferences = (
				35C54501267D15ED0068AFA4 /* XCRemoteSwiftPackageReference "SnapKit" */,
				35C54504267D15FF0068AFA4 /* XCRemoteSwiftPackageReference "Alamofire" */,
				35C5452A267E78540068AFA4 /* XCRemoteSwiftPackageReference "realm-cocoa" */,
			);
			productRefGroup = 35C544DA267D13D10068AFA4 /* Products */;
			projectDirPath = "";
			projectRoot = "";
			targets = (
				35C544D8267D13D10068AFA4 /* OmegaTest */,
			);
		};
/* End PBXProject section */

/* Begin PBXResourcesBuildPhase section */
		35C544D7267D13D10068AFA4 /* Resources */ = {
			isa = PBXResourcesBuildPhase;
			buildActionMask = 2147483647;
			files = (
				35C544E9267D13D30068AFA4 /* LaunchScreen.storyboard in Resources */,
				35C544E6267D13D30068AFA4 /* Assets.xcassets in Resources */,
			);
			runOnlyForDeploymentPostprocessing = 0;
		};
/* End PBXResourcesBuildPhase section */

/* Begin PBXSourcesBuildPhase section */
		35C544D5267D13D10068AFA4 /* Sources */ = {
			isa = PBXSourcesBuildPhase;
			buildActionMask = 2147483647;
			files = (
				3505A318267F49E300996348 /* ConfigurableCell.swift in Sources */,
				35C544FD267D15240068AFA4 /* Design.swift in Sources */,
				35C5450B267D26190068AFA4 /* UITextFieldExtension.swift in Sources */,
				35C54512267DEE4D0068AFA4 /* LoadingIndicatorView.swift in Sources */,
				3505A311267F311600996348 /* SearchAlbumViewModel.swift in Sources */,
				35C544FA267D15240068AFA4 /* Config.swift in Sources */,
				35C5451F267E73CB0068AFA4 /* User.swift in Sources */,
				35C54514267DF1FD0068AFA4 /* PhoneNumberFormatter.swift in Sources */,
				35C54517267E0A000068AFA4 /* FormValidator.swift in Sources */,
				35C5450D267D39F20068AFA4 /* ElementsDesigner.swift in Sources */,
				35C544FE267D15240068AFA4 /* ViewsCoordinator.swift in Sources */,
				3505A31F267F733D00996348 /* SearchRepository.swift in Sources */,
				3505A316267F3F1B00996348 /* AlbumTableViewCell.swift in Sources */,
				35C5451B267E44570068AFA4 /* SignInViewController.swift in Sources */,
				35C54508267D1F550068AFA4 /* DateCounter.swift in Sources */,
				3505A321267FC34C00996348 /* UIImageViewExtension.swift in Sources */,
				3505A314267F3F0900996348 /* UserInfoTableViewCell.swift in Sources */,
				3505A30D267F306000996348 /* SearchAlbumViewController.swift in Sources */,
				35C54525267E74820068AFA4 /* URLRequestBuilder.swift in Sources */,
				35C544FF267D15240068AFA4 /* SignUpViewController.swift in Sources */,
				35C54522267E74330068AFA4 /* Repository.swift in Sources */,
				3505A30F267F310500996348 /* SearchAlbumTableViewManager.swift in Sources */,
				35C544FB267D15240068AFA4 /* AppDelegate.swift in Sources */,
				35C54527267E74880068AFA4 /* NetworkService.swift in Sources */,
				35C54519267E103D0068AFA4 /* ArrayExtension.swift in Sources */,
				35C544FC267D15240068AFA4 /* SceneDelegate.swift in Sources */,
				35C54529267E76B40068AFA4 /* UserRepository.swift in Sources */,
				3505A31D267F5F6000996348 /* SearchResults.swift in Sources */,
				35C54510267DE40E0068AFA4 /* UITextFieldPadding.swift in Sources */,
			);
			runOnlyForDeploymentPostprocessing = 0;
		};
/* End PBXSourcesBuildPhase section */

/* Begin PBXVariantGroup section */
		35C544E7267D13D30068AFA4 /* LaunchScreen.storyboard */ = {
			isa = PBXVariantGroup;
			children = (
				35C544E8267D13D30068AFA4 /* Base */,
			);
			name = LaunchScreen.storyboard;
			sourceTree = "<group>";
		};
/* End PBXVariantGroup section */

/* Begin XCBuildConfiguration section */
		35C544EB267D13D30068AFA4 /* Debug */ = {
			isa = XCBuildConfiguration;
			buildSettings = {
				ALWAYS_SEARCH_USER_PATHS = NO;
				CLANG_ANALYZER_NONNULL = YES;
				CLANG_ANALYZER_NUMBER_OBJECT_CONVERSION = YES_AGGRESSIVE;
				CLANG_CXX_LANGUAGE_STANDARD = "gnu++14";
				CLANG_CXX_LIBRARY = "libc++";
				CLANG_ENABLE_MODULES = YES;
				CLANG_ENABLE_OBJC_ARC = YES;
				CLANG_ENABLE_OBJC_WEAK = YES;
				CLANG_WARN_BLOCK_CAPTURE_AUTORELEASING = YES;
				CLANG_WARN_BOOL_CONVERSION = YES;
				CLANG_WARN_COMMA = YES;
				CLANG_WARN_CONSTANT_CONVERSION = YES;
				CLANG_WARN_DEPRECATED_OBJC_IMPLEMENTATIONS = YES;
				CLANG_WARN_DIRECT_OBJC_ISA_USAGE = YES_ERROR;
				CLANG_WARN_DOCUMENTATION_COMMENTS = YES;
				CLANG_WARN_EMPTY_BODY = YES;
				CLANG_WARN_ENUM_CONVERSION = YES;
				CLANG_WARN_INFINITE_RECURSION = YES;
				CLANG_WARN_INT_CONVERSION = YES;
				CLANG_WARN_NON_LITERAL_NULL_CONVERSION = YES;
				CLANG_WARN_OBJC_IMPLICIT_RETAIN_SELF = YES;
				CLANG_WARN_OBJC_LITERAL_CONVERSION = YES;
				CLANG_WARN_OBJC_ROOT_CLASS = YES_ERROR;
				CLANG_WARN_QUOTED_INCLUDE_IN_FRAMEWORK_HEADER = YES;
				CLANG_WARN_RANGE_LOOP_ANALYSIS = YES;
				CLANG_WARN_STRICT_PROTOTYPES = YES;
				CLANG_WARN_SUSPICIOUS_MOVE = YES;
				CLANG_WARN_UNGUARDED_AVAILABILITY = YES_AGGRESSIVE;
				CLANG_WARN_UNREACHABLE_CODE = YES;
				CLANG_WARN__DUPLICATE_METHOD_MATCH = YES;
				COPY_PHASE_STRIP = NO;
				DEBUG_INFORMATION_FORMAT = dwarf;
				ENABLE_STRICT_OBJC_MSGSEND = YES;
				ENABLE_TESTABILITY = YES;
				GCC_C_LANGUAGE_STANDARD = gnu11;
				GCC_DYNAMIC_NO_PIC = NO;
				GCC_NO_COMMON_BLOCKS = YES;
				GCC_OPTIMIZATION_LEVEL = 0;
				GCC_PREPROCESSOR_DEFINITIONS = (
					"DEBUG=1",
					"$(inherited)",
				);
				GCC_WARN_64_TO_32_BIT_CONVERSION = YES;
				GCC_WARN_ABOUT_RETURN_TYPE = YES_ERROR;
				GCC_WARN_UNDECLARED_SELECTOR = YES;
				GCC_WARN_UNINITIALIZED_AUTOS = YES_AGGRESSIVE;
				GCC_WARN_UNUSED_FUNCTION = YES;
				GCC_WARN_UNUSED_VARIABLE = YES;
				IPHONEOS_DEPLOYMENT_TARGET = 14.5;
				MTL_ENABLE_DEBUG_INFO = INCLUDE_SOURCE;
				MTL_FAST_MATH = YES;
				ONLY_ACTIVE_ARCH = YES;
				SDKROOT = iphoneos;
				SWIFT_ACTIVE_COMPILATION_CONDITIONS = DEBUG;
				SWIFT_OPTIMIZATION_LEVEL = "-Onone";
			};
			name = Debug;
		};
		35C544EC267D13D30068AFA4 /* Release */ = {
			isa = XCBuildConfiguration;
			buildSettings = {
				ALWAYS_SEARCH_USER_PATHS = NO;
				CLANG_ANALYZER_NONNULL = YES;
				CLANG_ANALYZER_NUMBER_OBJECT_CONVERSION = YES_AGGRESSIVE;
				CLANG_CXX_LANGUAGE_STANDARD = "gnu++14";
				CLANG_CXX_LIBRARY = "libc++";
				CLANG_ENABLE_MODULES = YES;
				CLANG_ENABLE_OBJC_ARC = YES;
				CLANG_ENABLE_OBJC_WEAK = YES;
				CLANG_WARN_BLOCK_CAPTURE_AUTORELEASING = YES;
				CLANG_WARN_BOOL_CONVERSION = YES;
				CLANG_WARN_COMMA = YES;
				CLANG_WARN_CONSTANT_CONVERSION = YES;
				CLANG_WARN_DEPRECATED_OBJC_IMPLEMENTATIONS = YES;
				CLANG_WARN_DIRECT_OBJC_ISA_USAGE = YES_ERROR;
				CLANG_WARN_DOCUMENTATION_COMMENTS = YES;
				CLANG_WARN_EMPTY_BODY = YES;
				CLANG_WARN_ENUM_CONVERSION = YES;
				CLANG_WARN_INFINITE_RECURSION = YES;
				CLANG_WARN_INT_CONVERSION = YES;
				CLANG_WARN_NON_LITERAL_NULL_CONVERSION = YES;
				CLANG_WARN_OBJC_IMPLICIT_RETAIN_SELF = YES;
				CLANG_WARN_OBJC_LITERAL_CONVERSION = YES;
				CLANG_WARN_OBJC_ROOT_CLASS = YES_ERROR;
				CLANG_WARN_QUOTED_INCLUDE_IN_FRAMEWORK_HEADER = YES;
				CLANG_WARN_RANGE_LOOP_ANALYSIS = YES;
				CLANG_WARN_STRICT_PROTOTYPES = YES;
				CLANG_WARN_SUSPICIOUS_MOVE = YES;
				CLANG_WARN_UNGUARDED_AVAILABILITY = YES_AGGRESSIVE;
				CLANG_WARN_UNREACHABLE_CODE = YES;
				CLANG_WARN__DUPLICATE_METHOD_MATCH = YES;
				COPY_PHASE_STRIP = NO;
				DEBUG_INFORMATION_FORMAT = "dwarf-with-dsym";
				ENABLE_NS_ASSERTIONS = NO;
				ENABLE_STRICT_OBJC_MSGSEND = YES;
				GCC_C_LANGUAGE_STANDARD = gnu11;
				GCC_NO_COMMON_BLOCKS = YES;
				GCC_WARN_64_TO_32_BIT_CONVERSION = YES;
				GCC_WARN_ABOUT_RETURN_TYPE = YES_ERROR;
				GCC_WARN_UNDECLARED_SELECTOR = YES;
				GCC_WARN_UNINITIALIZED_AUTOS = YES_AGGRESSIVE;
				GCC_WARN_UNUSED_FUNCTION = YES;
				GCC_WARN_UNUSED_VARIABLE = YES;
				IPHONEOS_DEPLOYMENT_TARGET = 14.5;
				MTL_ENABLE_DEBUG_INFO = NO;
				MTL_FAST_MATH = YES;
				SDKROOT = iphoneos;
				SWIFT_COMPILATION_MODE = wholemodule;
				SWIFT_OPTIMIZATION_LEVEL = "-O";
				VALIDATE_PRODUCT = YES;
			};
			name = Release;
		};
		35C544EE267D13D30068AFA4 /* Debug */ = {
			isa = XCBuildConfiguration;
			buildSettings = {
				ASSETCATALOG_COMPILER_APPICON_NAME = AppIcon;
				ASSETCATALOG_COMPILER_GLOBAL_ACCENT_COLOR_NAME = AccentColor;
				CODE_SIGN_STYLE = Automatic;
				DEVELOPMENT_TEAM = F325XZB89B;
				INFOPLIST_FILE = "OmegaTest/Supporting Files/Info.plist";
				LD_RUNPATH_SEARCH_PATHS = (
					"$(inherited)",
					"@executable_path/Frameworks",
				);
				PRODUCT_BUNDLE_IDENTIFIER = tartynskikh.ps.OmegaTest;
				PRODUCT_NAME = "$(TARGET_NAME)";
				SWIFT_VERSION = 5.0;
				TARGETED_DEVICE_FAMILY = "1,2";
			};
			name = Debug;
		};
		35C544EF267D13D30068AFA4 /* Release */ = {
			isa = XCBuildConfiguration;
			buildSettings = {
				ASSETCATALOG_COMPILER_APPICON_NAME = AppIcon;
				ASSETCATALOG_COMPILER_GLOBAL_ACCENT_COLOR_NAME = AccentColor;
				CODE_SIGN_STYLE = Automatic;
				DEVELOPMENT_TEAM = F325XZB89B;
				INFOPLIST_FILE = "OmegaTest/Supporting Files/Info.plist";
				LD_RUNPATH_SEARCH_PATHS = (
					"$(inherited)",
					"@executable_path/Frameworks",
				);
				PRODUCT_BUNDLE_IDENTIFIER = tartynskikh.ps.OmegaTest;
				PRODUCT_NAME = "$(TARGET_NAME)";
				SWIFT_VERSION = 5.0;
				TARGETED_DEVICE_FAMILY = "1,2";
			};
			name = Release;
		};
/* End XCBuildConfiguration section */

/* Begin XCConfigurationList section */
		35C544D4267D13D10068AFA4 /* Build configuration list for PBXProject "OmegaTest" */ = {
			isa = XCConfigurationList;
			buildConfigurations = (
				35C544EB267D13D30068AFA4 /* Debug */,
				35C544EC267D13D30068AFA4 /* Release */,
			);
			defaultConfigurationIsVisible = 0;
			defaultConfigurationName = Release;
		};
		35C544ED267D13D30068AFA4 /* Build configuration list for PBXNativeTarget "OmegaTest" */ = {
			isa = XCConfigurationList;
			buildConfigurations = (
				35C544EE267D13D30068AFA4 /* Debug */,
				35C544EF267D13D30068AFA4 /* Release */,
			);
			defaultConfigurationIsVisible = 0;
			defaultConfigurationName = Release;
		};
/* End XCConfigurationList section */

/* Begin XCRemoteSwiftPackageReference section */
		35C54501267D15ED0068AFA4 /* XCRemoteSwiftPackageReference "SnapKit" */ = {
			isa = XCRemoteSwiftPackageReference;
			repositoryURL = "https://github.com/SnapKit/SnapKit";
			requirement = {
				kind = upToNextMajorVersion;
				minimumVersion = 5.0.1;
			};
		};
		35C54504267D15FF0068AFA4 /* XCRemoteSwiftPackageReference "Alamofire" */ = {
			isa = XCRemoteSwiftPackageReference;
			repositoryURL = "https://github.com/Alamofire/Alamofire";
			requirement = {
				kind = upToNextMajorVersion;
				minimumVersion = 5.4.3;
			};
		};
		35C5452A267E78540068AFA4 /* XCRemoteSwiftPackageReference "realm-cocoa" */ = {
			isa = XCRemoteSwiftPackageReference;
			repositoryURL = "https://github.com/realm/realm-cocoa";
			requirement = {
				kind = upToNextMajorVersion;
				minimumVersion = 10.8.0;
			};
		};
/* End XCRemoteSwiftPackageReference section */

/* Begin XCSwiftPackageProductDependency section */
		35C54502267D15ED0068AFA4 /* SnapKit */ = {
			isa = XCSwiftPackageProductDependency;
			package = 35C54501267D15ED0068AFA4 /* XCRemoteSwiftPackageReference "SnapKit" */;
			productName = SnapKit;
		};
		35C54505267D15FF0068AFA4 /* Alamofire */ = {
			isa = XCSwiftPackageProductDependency;
			package = 35C54504267D15FF0068AFA4 /* XCRemoteSwiftPackageReference "Alamofire" */;
			productName = Alamofire;
		};
		35C5452B267E78540068AFA4 /* Realm */ = {
			isa = XCSwiftPackageProductDependency;
			package = 35C5452A267E78540068AFA4 /* XCRemoteSwiftPackageReference "realm-cocoa" */;
			productName = Realm;
		};
		35C5452D267E78540068AFA4 /* RealmSwift */ = {
			isa = XCSwiftPackageProductDependency;
			package = 35C5452A267E78540068AFA4 /* XCRemoteSwiftPackageReference "realm-cocoa" */;
			productName = RealmSwift;
		};
/* End XCSwiftPackageProductDependency section */
	};
	rootObject = 35C544D1267D13D10068AFA4 /* Project object */;
}
